
Microsoft Visual Studio Solution File, Format Version 12.00
# Visual Studio Version 17
VisualStudioVersion = 17.4.33110.190
MinimumVisualStudioVersion = 10.0.40219.1
Project("{F184B08F-C81C-45F6-A57F-5ABD9991F28F}") = "praktikum2", "praktikum2\praktikum2.vbproj", "{3F729A7F-F5E6-46B5-894E-17B230E8DF51}"
EndProject
Global
	GlobalSection(SolutionConfigurationPlatforms) = preSolution
		Debug|Any CPU = Debug|Any CPU
		Release|Any CPU = Release|Any CPU
	EndGlobalSection
	GlobalSection(ProjectConfigurationPlatforms) = postSolution
		{3F729A7F-F5E6-46B5-894E-17B230E8DF51}.Debug|Any CPU.ActiveCfg = Debug|Any CPU
		{3F729A7F-F5E6-46B5-894E-17B230E8DF51}.Debug|Any CPU.Build.0 = Debug|Any CPU
		{3F729A7F-F5E6-46B5-894E-17B230E8DF51}.Release|Any CPU.ActiveCfg = Release|Any CPU
		{3F729A7F-F5E6-46B5-894E-17B230E8DF51}.Release|Any CPU.Build.0 = Release|Any CPU
	EndGlobalSection
	GlobalSection(SolutionProperties) = preSolution
		HideSolutionNode = FALSE
	EndGlobalSection
	GlobalSection(ExtensibilityGlobals) = postSolution
		SolutionGuid = {D04AC281-86C2-4984-B205-AB53C4E0EAFE}
	EndGlobalSection
EndGlobal
